PODS:
  - Flutter (1.0.0)
  - libphonenumber_plugin (0.0.1):
    - Flutter
    - PhoneNumberKit
  - onesignal_flutter (5.3.0):
    - Flutter
    - OneSignalXCFramework (= 5.2.10)
  - OneSignalXCFramework (5.2.10):
    - OneSignalXCFramework/OneSignalComplete (= 5.2.10)
  - OneSignalXCFramework/OneSignal (5.2.10):
    - OneSignalXCFramework/OneSignalCore
    - OneSignalXCFramework/OneSignalExtension
    - OneSignalXCFramework/OneSignalLiveActivities
    - OneSignalXCFramework/OneSignalNotifications
    - OneSignalXCFramework/OneSignalOSCore
    - OneSignalXCFramework/OneSignalOutcomes
    - OneSignalXCFramework/OneSignalUser
  - OneSignalXCFramework/OneSignalComplete (5.2.10):
    - OneSignalXCFramework/OneSignal
    - OneSignalXCFramework/OneSignalInAppMessages
    - OneSignalXCFramework/OneSignalLocation
  - OneSignalXCFramework/OneSignalCore (5.2.10)
  - OneSignalXCFramework/OneSignalExtension (5.2.10):
    - OneSignalXCFramework/OneSignalCore
    - OneSignalXCFramework/OneSignalOutcomes
  - OneSignalXCFramework/OneSignalInAppMessages (5.2.10):
    - OneSignalXCFramework/OneSignalCore
    - OneSignalXCFramework/OneSignalNotifications
    - OneSignalXCFramework/OneSignalOSCore
    - OneSignalXCFramework/OneSignalOutcomes
    - OneSignalXCFramework/OneSignalUser
  - OneSignalXCFramework/OneSignalLiveActivities (5.2.10):
    - OneSignalXCFramework/OneSignalCore
    - OneSignalXCFramework/OneSignalOSCore
    - OneSignalXCFramework/OneSignalUser
  - OneSignalXCFramework/OneSignalLocation (5.2.10):
    - OneSignalXCFramework/OneSignalCore
    - OneSignalXCFramework/OneSignalNotifications
    - OneSignalXCFramework/OneSignalOSCore
    - OneSignalXCFramework/OneSignalUser
  - OneSignalXCFramework/OneSignalNotifications (5.2.10):
    - OneSignalXCFramework/OneSignalCore
    - OneSignalXCFramework/OneSignalExtension
    - OneSignalXCFramework/OneSignalOutcomes
  - OneSignalXCFramework/OneSignalOSCore (5.2.10):
    - OneSignalXCFramework/OneSignalCore
  - OneSignalXCFramework/OneSignalOutcomes (5.2.10):
    - OneSignalXCFramework/OneSignalCore
  - OneSignalXCFramework/OneSignalUser (5.2.10):
    - OneSignalXCFramework/OneSignalCore
    - OneSignalXCFramework/OneSignalNotifications
    - OneSignalXCFramework/OneSignalOSCore
    - OneSignalXCFramework/OneSignalOutcomes
  - path_provider_foundation (0.0.1):
    - Flutter
    - FlutterMacOS
  - PhoneNumberKit (3.7.11):
    - PhoneNumberKit/PhoneNumberKitCore (= 3.7.11)
    - PhoneNumberKit/UIKit (= 3.7.11)
  - PhoneNumberKit/PhoneNumberKitCore (3.7.11)
  - PhoneNumberKit/UIKit (3.7.11):
    - PhoneNumberKit/PhoneNumberKitCore
  - shared_preferences_foundation (0.0.1):
    - Flutter
    - FlutterMacOS
  - url_launcher_ios (0.0.1):
    - Flutter
  - webview_flutter_wkwebview (0.0.1):
    - Flutter
    - FlutterMacOS

DEPENDENCIES:
  - Flutter (from `Flutter`)
  - libphonenumber_plugin (from `.symlinks/plugins/libphonenumber_plugin/ios`)
  - onesignal_flutter (from `.symlinks/plugins/onesignal_flutter/ios`)
  - path_provider_foundation (from `.symlinks/plugins/path_provider_foundation/darwin`)
  - PhoneNumberKit (~> 3.7.6)
  - shared_preferences_foundation (from `.symlinks/plugins/shared_preferences_foundation/darwin`)
  - url_launcher_ios (from `.symlinks/plugins/url_launcher_ios/ios`)
  - webview_flutter_wkwebview (from `.symlinks/plugins/webview_flutter_wkwebview/darwin`)

SPEC REPOS:
  trunk:
    - OneSignalXCFramework
    - PhoneNumberKit

EXTERNAL SOURCES:
  Flutter:
    :path: Flutter
  libphonenumber_plugin:
    :path: ".symlinks/plugins/libphonenumber_plugin/ios"
  onesignal_flutter:
    :path: ".symlinks/plugins/onesignal_flutter/ios"
  path_provider_foundation:
    :path: ".symlinks/plugins/path_provider_foundation/darwin"
  shared_preferences_foundation:
    :path: ".symlinks/plugins/shared_preferences_foundation/darwin"
  url_launcher_ios:
    :path: ".symlinks/plugins/url_launcher_ios/ios"
  webview_flutter_wkwebview:
    :path: ".symlinks/plugins/webview_flutter_wkwebview/darwin"

SPEC CHECKSUMS:
  Flutter: e0871f40cf51350855a761d2e70bf5af5b9b5de7
  libphonenumber_plugin: d134f173b22bfa5ede50887071f087f309277f8c
  onesignal_flutter: 6596144e1f08756a2c402047366c867a62b0f6f1
  OneSignalXCFramework: 1a3b28dfbff23aabce585796d23c1bef37772774
  path_provider_foundation: 080d55be775b7414fd5a5ef3ac137b97b097e564
  PhoneNumberKit: ced55861269312a5e3bc2ef82a58d6255b1c976a
  shared_preferences_foundation: 9e1978ff2562383bd5676f64ec4e9aa8fa06a6f7
  url_launcher_ios: 694010445543906933d732453a59da0a173ae33d
  webview_flutter_wkwebview: 1821ceac936eba6f7984d89a9f3bcb4dea99ebb2

PODFILE CHECKSUM: e1502bfe865f001bee26a7ed5ba8d186a3fd2dc8

COCOAPODS: 1.16.2
